
Microsoft Visual Studio Solution File, Format Version 12.00
# Visual Studio 2012
Project("{FAE04EC0-301F-11D3-BF4B-00C04F79EFBC}") = "ClientCS", "ClientCS\ClientCS.csproj", "{F943FD4B-720F-4F56-9712-7D9AA5F44670}"
EndProject
Global
	GlobalSection(SolutionConfigurationPlatforms) = preSolution
		Debug|Any CPU = Debug|Any CPU
		Release|Any CPU = Release|Any CPU
	EndGlobalSection
	GlobalSection(ProjectConfigurationPlatforms) = postSolution
		{F943FD4B-720F-4F56-9712-7D9AA5F44670}.Debug|Any CPU.ActiveCfg = Debug|Any CPU
		{F943FD4B-720F-4F56-9712-7D9AA5F44670}.Debug|Any CPU.Build.0 = Debug|Any CPU
		{F943FD4B-720F-4F56-9712-7D9AA5F44670}.Release|Any CPU.ActiveCfg = Release|Any CPU
		{F943FD4B-720F-4F56-9712-7D9AA5F44670}.Release|Any CPU.Build.0 = Release|Any CPU
	EndGlobalSection
	GlobalSection(SolutionProperties) = preSolution
		HideSolutionNode = FALSE
	EndGlobalSection
EndGlobal
